Microsoft Visual Studio Solution File, Format Version 12.00
# Visual Studio Version 17
VisualStudioVersion = 17.5.2.0
MinimumVisualStudioVersion = 10.0.40219.1
Project("{FAE04EC0-301F-11D3-BF4B-00C04F79EFBC}") = "cal", "Calculatorgit\cal.csproj", "{1024CDE5-1C9C-29C3-2CA8-F912D77B8A02}"
EndProject
Global
	GlobalSection(SolutionConfigurationPlatforms) = preSolution
		Debug|Any CPU = Debug|Any CPU
		Release|Any CPU = Release|Any CPU
	EndGlobalSection
	GlobalSection(ProjectConfigurationPlatforms) = postSolution
		{1024CDE5-1C9C-29C3-2CA8-F912D77B8A02}.Debug|Any CPU.ActiveCfg = Debug|Any CPU
		{1024CDE5-1C9C-29C3-2CA8-F912D77B8A02}.Debug|Any CPU.Build.0 = Debug|Any CPU
		{1024CDE5-1C9C-29C3-2CA8-F912D77B8A02}.Release|Any CPU.ActiveCfg = Release|Any CPU
		{1024CDE5-1C9C-29C3-2CA8-F912D77B8A02}.Release|Any CPU.Build.0 = Release|Any CPU
	EndGlobalSection
	GlobalSection(SolutionProperties) = preSolution
		HideSolutionNode = FALSE
	EndGlobalSection
	GlobalSection(ExtensibilityGlobals) = postSolution
		SolutionGuid = {1FBB6F0B-0FBA-4824-A686-0783F8B63DF8}
	EndGlobalSection
EndGlobal
